
Microsoft Visual Studio Solution File, Format Version 12.00
# Visual Studio Version 16
VisualStudioVersion = 16.0.34407.143
MinimumVisualStudioVersion = 10.0.40219.1
Project("{FAE04EC0-301F-11D3-BF4B-00C04F79EFBC}") = "WindowsFormsApp5", "WindowsFormsApp5.csproj", "{EA25EE98-7F8A-4BA3-82CC-34E40585F40E}"
EndProject
Global
	GlobalSection(SolutionConfigurationPlatforms) = preSolution
		Debug|Any CPU = Debug|Any CPU
		Release|Any CPU = Release|Any CPU
	EndGlobalSection
	GlobalSection(ProjectConfigurationPlatforms) = postSolution
		{EA25EE98-7F8A-4BA3-82CC-34E40585F40E}.Debug|Any CPU.ActiveCfg = Debug|Any CPU
		{EA25EE98-7F8A-4BA3-82CC-34E40585F40E}.Debug|Any CPU.Build.0 = Debug|Any CPU
		{EA25EE98-7F8A-4BA3-82CC-34E40585F40E}.Release|Any CPU.ActiveCfg = Release|Any CPU
		{EA25EE98-7F8A-4BA3-82CC-34E40585F40E}.Release|Any CPU.Build.0 = Release|Any CPU
	EndGlobalSection
	GlobalSection(SolutionProperties) = preSolution
		HideSolutionNode = FALSE
	EndGlobalSection
	GlobalSection(ExtensibilityGlobals) = postSolution
		SolutionGuid = {C78AC769-4862-4ECF-945F-90A7331E9D5A}
	EndGlobalSection
EndGlobal
