
Microsoft Visual Studio Solution File, Format Version 12.00
# Visual Studio Version 16
VisualStudioVersion = 16.0.34407.143
MinimumVisualStudioVersion = 10.0.40219.1
Project("{FAE04EC0-301F-11D3-BF4B-00C04F79EFBC}") = "ConsoleApp12", "ConsoleApp12.csproj", "{E36B852F-D03F-4246-A127-615083836F0C}"
EndProject
Global
	GlobalSection(SolutionConfigurationPlatforms) = preSolution
		Debug|Any CPU = Debug|Any CPU
		Release|Any CPU = Release|Any CPU
	EndGlobalSection
	GlobalSection(ProjectConfigurationPlatforms) = postSolution
		{E36B852F-D03F-4246-A127-615083836F0C}.Debug|Any CPU.ActiveCfg = Debug|Any CPU
		{E36B852F-D03F-4246-A127-615083836F0C}.Debug|Any CPU.Build.0 = Debug|Any CPU
		{E36B852F-D03F-4246-A127-615083836F0C}.Release|Any CPU.ActiveCfg = Release|Any CPU
		{E36B852F-D03F-4246-A127-615083836F0C}.Release|Any CPU.Build.0 = Release|Any CPU
	EndGlobalSection
	GlobalSection(SolutionProperties) = preSolution
		HideSolutionNode = FALSE
	EndGlobalSection
	GlobalSection(ExtensibilityGlobals) = postSolution
		SolutionGuid = {BC18E15E-974C-4C3D-AE0B-54CC2604EB40}
	EndGlobalSection
EndGlobal
