
Microsoft Visual Studio Solution File, Format Version 12.00
# Visual Studio Version 16
VisualStudioVersion = 16.0.34407.143
MinimumVisualStudioVersion = 10.0.40219.1
Project("{FAE04EC0-301F-11D3-BF4B-00C04F79EFBC}") = "ConsoleApp17", "ConsoleApp17.csproj", "{D6F76B6C-A964-4607-9E59-2E638E084CF1}"
EndProject
Global
	GlobalSection(SolutionConfigurationPlatforms) = preSolution
		Debug|Any CPU = Debug|Any CPU
		Release|Any CPU = Release|Any CPU
	EndGlobalSection
	GlobalSection(ProjectConfigurationPlatforms) = postSolution
		{D6F76B6C-A964-4607-9E59-2E638E084CF1}.Debug|Any CPU.ActiveCfg = Debug|Any CPU
		{D6F76B6C-A964-4607-9E59-2E638E084CF1}.Debug|Any CPU.Build.0 = Debug|Any CPU
		{D6F76B6C-A964-4607-9E59-2E638E084CF1}.Release|Any CPU.ActiveCfg = Release|Any CPU
		{D6F76B6C-A964-4607-9E59-2E638E084CF1}.Release|Any CPU.Build.0 = Release|Any CPU
	EndGlobalSection
	GlobalSection(SolutionProperties) = preSolution
		HideSolutionNode = FALSE
	EndGlobalSection
	GlobalSection(ExtensibilityGlobals) = postSolution
		SolutionGuid = {DE82A672-EE34-4888-B9F4-4C0F2E7EDC44}
	EndGlobalSection
EndGlobal
