
Microsoft Visual Studio Solution File, Format Version 12.00
# Visual Studio Version 16
VisualStudioVersion = 16.0.34407.143
MinimumVisualStudioVersion = 10.0.40219.1
Project("{FAE04EC0-301F-11D3-BF4B-00C04F79EFBC}") = "ConsoleApp22", "ConsoleApp22.csproj", "{BAD50C02-97EB-4E1B-A1AC-392408EF0304}"
EndProject
Global
	GlobalSection(SolutionConfigurationPlatforms) = preSolution
		Debug|Any CPU = Debug|Any CPU
		Release|Any CPU = Release|Any CPU
	EndGlobalSection
	GlobalSection(ProjectConfigurationPlatforms) = postSolution
		{BAD50C02-97EB-4E1B-A1AC-392408EF0304}.Debug|Any CPU.ActiveCfg = Debug|Any CPU
		{BAD50C02-97EB-4E1B-A1AC-392408EF0304}.Debug|Any CPU.Build.0 = Debug|Any CPU
		{BAD50C02-97EB-4E1B-A1AC-392408EF0304}.Release|Any CPU.ActiveCfg = Release|Any CPU
		{BAD50C02-97EB-4E1B-A1AC-392408EF0304}.Release|Any CPU.Build.0 = Release|Any CPU
	EndGlobalSection
	GlobalSection(SolutionProperties) = preSolution
		HideSolutionNode = FALSE
	EndGlobalSection
	GlobalSection(ExtensibilityGlobals) = postSolution
		SolutionGuid = {49B46496-64A2-490F-861E-1D3A84E273C8}
	EndGlobalSection
EndGlobal
