
Microsoft Visual Studio Solution File, Format Version 12.00
# Visual Studio Version 16
VisualStudioVersion = 16.0.34407.143
MinimumVisualStudioVersion = 10.0.40219.1
Project("{FAE04EC0-301F-11D3-BF4B-00C04F79EFBC}") = "WindowsFormsApp9", "WindowsFormsApp9.csproj", "{3F68EBE4-D74B-4ACA-8736-E3FA45406893}"
EndProject
Global
	GlobalSection(SolutionConfigurationPlatforms) = preSolution
		Debug|Any CPU = Debug|Any CPU
		Release|Any CPU = Release|Any CPU
	EndGlobalSection
	GlobalSection(ProjectConfigurationPlatforms) = postSolution
		{3F68EBE4-D74B-4ACA-8736-E3FA45406893}.Debug|Any CPU.ActiveCfg = Debug|Any CPU
		{3F68EBE4-D74B-4ACA-8736-E3FA45406893}.Debug|Any CPU.Build.0 = Debug|Any CPU
		{3F68EBE4-D74B-4ACA-8736-E3FA45406893}.Release|Any CPU.ActiveCfg = Release|Any CPU
		{3F68EBE4-D74B-4ACA-8736-E3FA45406893}.Release|Any CPU.Build.0 = Release|Any CPU
	EndGlobalSection
	GlobalSection(SolutionProperties) = preSolution
		HideSolutionNode = FALSE
	EndGlobalSection
	GlobalSection(ExtensibilityGlobals) = postSolution
		SolutionGuid = {1C849C53-9ED4-4960-BB44-A82AD1D830E1}
	EndGlobalSection
EndGlobal
