
Microsoft Visual Studio Solution File, Format Version 12.00
# Visual Studio Version 16
VisualStudioVersion = 16.0.34407.143
MinimumVisualStudioVersion = 10.0.40219.1
Project("{FAE04EC0-301F-11D3-BF4B-00C04F79EFBC}") = "ConsoleApp8", "ConsoleApp8.csproj", "{7697B240-C910-41D2-8C8E-1668675FA465}"
EndProject
Global
	GlobalSection(SolutionConfigurationPlatforms) = preSolution
		Debug|Any CPU = Debug|Any CPU
		Release|Any CPU = Release|Any CPU
	EndGlobalSection
	GlobalSection(ProjectConfigurationPlatforms) = postSolution
		{7697B240-C910-41D2-8C8E-1668675FA465}.Debug|Any CPU.ActiveCfg = Debug|Any CPU
		{7697B240-C910-41D2-8C8E-1668675FA465}.Debug|Any CPU.Build.0 = Debug|Any CPU
		{7697B240-C910-41D2-8C8E-1668675FA465}.Release|Any CPU.ActiveCfg = Release|Any CPU
		{7697B240-C910-41D2-8C8E-1668675FA465}.Release|Any CPU.Build.0 = Release|Any CPU
	EndGlobalSection
	GlobalSection(SolutionProperties) = preSolution
		HideSolutionNode = FALSE
	EndGlobalSection
	GlobalSection(ExtensibilityGlobals) = postSolution
		SolutionGuid = {70781B7E-FCEA-4279-94D4-4E807994D91E}
	EndGlobalSection
EndGlobal
