
Microsoft Visual Studio Solution File, Format Version 12.00
# Visual Studio Version 16
VisualStudioVersion = 16.0.34407.143
MinimumVisualStudioVersion = 10.0.40219.1
Project("{FAE04EC0-301F-11D3-BF4B-00C04F79EFBC}") = "ConsoleApp1", "ConsoleApp1.csproj", "{AF294DC8-5CB6-4757-803D-593733CF7CFB}"
EndProject
Global
	GlobalSection(SolutionConfigurationPlatforms) = preSolution
		Debug|Any CPU = Debug|Any CPU
		Release|Any CPU = Release|Any CPU
	EndGlobalSection
	GlobalSection(ProjectConfigurationPlatforms) = postSolution
		{AF294DC8-5CB6-4757-803D-593733CF7CFB}.Debug|Any CPU.ActiveCfg = Debug|Any CPU
		{AF294DC8-5CB6-4757-803D-593733CF7CFB}.Debug|Any CPU.Build.0 = Debug|Any CPU
		{AF294DC8-5CB6-4757-803D-593733CF7CFB}.Release|Any CPU.ActiveCfg = Release|Any CPU
		{AF294DC8-5CB6-4757-803D-593733CF7CFB}.Release|Any CPU.Build.0 = Release|Any CPU
	EndGlobalSection
	GlobalSection(SolutionProperties) = preSolution
		HideSolutionNode = FALSE
	EndGlobalSection
	GlobalSection(ExtensibilityGlobals) = postSolution
		SolutionGuid = {423ED5E6-5151-4D56-AAAF-562FB6809367}
	EndGlobalSection
EndGlobal
