
Microsoft Visual Studio Solution File, Format Version 12.00
# Visual Studio Version 16
VisualStudioVersion = 16.0.34407.143
MinimumVisualStudioVersion = 10.0.40219.1
Project("{FAE04EC0-301F-11D3-BF4B-00C04F79EFBC}") = "WindowsFormsApp13", "WindowsFormsApp13.csproj", "{514A5AA7-DD5B-43B5-BF7C-2CF3259E9C44}"
EndProject
Global
	GlobalSection(SolutionConfigurationPlatforms) = preSolution
		Debug|Any CPU = Debug|Any CPU
		Release|Any CPU = Release|Any CPU
	EndGlobalSection
	GlobalSection(ProjectConfigurationPlatforms) = postSolution
		{514A5AA7-DD5B-43B5-BF7C-2CF3259E9C44}.Debug|Any CPU.ActiveCfg = Debug|Any CPU
		{514A5AA7-DD5B-43B5-BF7C-2CF3259E9C44}.Debug|Any CPU.Build.0 = Debug|Any CPU
		{514A5AA7-DD5B-43B5-BF7C-2CF3259E9C44}.Release|Any CPU.ActiveCfg = Release|Any CPU
		{514A5AA7-DD5B-43B5-BF7C-2CF3259E9C44}.Release|Any CPU.Build.0 = Release|Any CPU
	EndGlobalSection
	GlobalSection(SolutionProperties) = preSolution
		HideSolutionNode = FALSE
	EndGlobalSection
	GlobalSection(ExtensibilityGlobals) = postSolution
		SolutionGuid = {F4518A11-0184-4A81-9CB0-02A5BA6EE92E}
	EndGlobalSection
EndGlobal
