
Microsoft Visual Studio Solution File, Format Version 12.00
# Visual Studio Version 16
VisualStudioVersion = 16.0.34407.143
MinimumVisualStudioVersion = 10.0.40219.1
Project("{FAE04EC0-301F-11D3-BF4B-00C04F79EFBC}") = "ConsoleApp4", "ConsoleApp4.csproj", "{54BA7C87-9E9D-4024-9766-CCE201255FAA}"
EndProject
Global
	GlobalSection(SolutionConfigurationPlatforms) = preSolution
		Debug|Any CPU = Debug|Any CPU
		Release|Any CPU = Release|Any CPU
	EndGlobalSection
	GlobalSection(ProjectConfigurationPlatforms) = postSolution
		{54BA7C87-9E9D-4024-9766-CCE201255FAA}.Debug|Any CPU.ActiveCfg = Debug|Any CPU
		{54BA7C87-9E9D-4024-9766-CCE201255FAA}.Debug|Any CPU.Build.0 = Debug|Any CPU
		{54BA7C87-9E9D-4024-9766-CCE201255FAA}.Release|Any CPU.ActiveCfg = Release|Any CPU
		{54BA7C87-9E9D-4024-9766-CCE201255FAA}.Release|Any CPU.Build.0 = Release|Any CPU
	EndGlobalSection
	GlobalSection(SolutionProperties) = preSolution
		HideSolutionNode = FALSE
	EndGlobalSection
	GlobalSection(ExtensibilityGlobals) = postSolution
		SolutionGuid = {0BA06982-632A-411D-AB22-353E2A2A63A5}
	EndGlobalSection
EndGlobal
